
Microsoft Visual Studio Solution File, Format Version 12.00
# Visual Studio Version 17
VisualStudioVersion = 17.13.35825.156
MinimumVisualStudioVersion = 10.0.40219.1
Project("{2150E333-8FDC-42A3-9474-1A3956D46DE8}") = "Adapters", "Adapters", "{02EA681E-C7D8-13C7-8484-4AC65E1B71E8}"
EndProject
Project("{2150E333-8FDC-42A3-9474-1A3956D46DE8}") = "Core", "Core", "{BF398E39-68FD-48FD-97C5-C987811AEDA9}"
EndProject
Project("{2150E333-8FDC-42A3-9474-1A3956D46DE8}") = "Crosscutting", "Crosscutting", "{21D615B9-937C-45C0-81C7-A62B27E6BE99}"
EndProject
Project("{2150E333-8FDC-42A3-9474-1A3956D46DE8}") = "Tests", "Tests", "{1CB1179E-5550-44AC-B777-4B6AB0437FC2}"
EndProject
Project("{2150E333-8FDC-42A3-9474-1A3956D46DE8}") = "Driven", "Driven", "{DEA5FD05-D798-4A1F-A8BF-6DB943FFC978}"
EndProject
Project("{2150E333-8FDC-42A3-9474-1A3956D46DE8}") = "Drivers", "Drivers", "{2F83A412-22B9-4BDF-80FE-A62B214CB697}"
EndProject
Project("{2150E333-8FDC-42A3-9474-1A3956D46DE8}") = "Application", "Application", "{3A7719A8-8D58-457A-8D83-E4A963F0E2E4}"
EndProject
Project("{2150E333-8FDC-42A3-9474-1A3956D46DE8}") = "Domain", "Domain", "{3A9A0C91-A1FD-427C-A5DF-81E58768E0E4}"
EndProject
Project("{2150E333-8FDC-42A3-9474-1A3956D46DE8}") = "Infrastructure", "Infrastructure", "{99B54B04-370A-4784-9DEA-A646D033C24B}"
EndProject
Project("{2150E333-8FDC-42A3-9474-1A3956D46DE8}") = "WebApi", "WebApi", "{3DAB9556-EEB4-447D-B129-E67E27D052E1}"
EndProject
Project("{FAE04EC0-301F-11D3-BF4B-00C04F79EFBC}") = "Loovi.Test.Domain", "src\Loovi.Test.Domain\Loovi.Test.Domain.csproj", "{D2C4084F-070B-4E36-BFDF-77B53B2D50C3}"
EndProject
Project("{FAE04EC0-301F-11D3-BF4B-00C04F79EFBC}") = "Loovi.Test.Application", "src\Loovi.Test.Application\Loovi.Test.Application.csproj", "{4D21D64A-E7BB-4446-97B2-53BD0F760514}"
EndProject
Project("{FAE04EC0-301F-11D3-BF4B-00C04F79EFBC}") = "Loovi.Test.ORM", "src\Loovi.Test.ORM\Loovi.Test.ORM.csproj", "{C721EB26-4A55-46CB-8477-B24366DB4776}"
EndProject
Project("{FAE04EC0-301F-11D3-BF4B-00C04F79EFBC}") = "Loovi.Test.WebApi", "src\Loovi.Test.WebApi\Loovi.Test.WebApi.csproj", "{3A37282B-1B7C-477C-B20F-441B460ABC4A}"
EndProject
Project("{FAE04EC0-301F-11D3-BF4B-00C04F79EFBC}") = "Loovi.Test.Common", "Loovi.Test.Common\Loovi.Test.Common.csproj", "{599E0CB3-B2A3-4B7D-AF23-9F0C54DFD9BC}"
EndProject
Project("{FAE04EC0-301F-11D3-BF4B-00C04F79EFBC}") = "Loovi.Test.IoC", "Loovi.Test.IoC\Loovi.Test.IoC.csproj", "{CBBD49E8-5B4F-4A2E-9A1C-ECD58CAF3F0E}"
EndProject
Project("{2150E333-8FDC-42A3-9474-1A3956D46DE8}") = "Unit", "Unit", "{6B8F6B44-A264-40B3-BB6E-70199C5FBF32}"
EndProject
Project("{FAE04EC0-301F-11D3-BF4B-00C04F79EFBC}") = "Loovi.Test.Unit", "Loovi.Test.Unit\Loovi.Test.Unit.csproj", "{B6282D9A-B310-4B20-A339-B20EA72A1815}"
EndProject
Global
	GlobalSection(SolutionConfigurationPlatforms) = preSolution
		Debug|Any CPU = Debug|Any CPU
		Release|Any CPU = Release|Any CPU
	EndGlobalSection
	GlobalSection(ProjectConfigurationPlatforms) = postSolution
		{D2C4084F-070B-4E36-BFDF-77B53B2D50C3}.Debug|Any CPU.ActiveCfg = Debug|Any CPU
		{D2C4084F-070B-4E36-BFDF-77B53B2D50C3}.Debug|Any CPU.Build.0 = Debug|Any CPU
		{D2C4084F-070B-4E36-BFDF-77B53B2D50C3}.Release|Any CPU.ActiveCfg = Release|Any CPU
		{D2C4084F-070B-4E36-BFDF-77B53B2D50C3}.Release|Any CPU.Build.0 = Release|Any CPU
		{4D21D64A-E7BB-4446-97B2-53BD0F760514}.Debug|Any CPU.ActiveCfg = Debug|Any CPU
		{4D21D64A-E7BB-4446-97B2-53BD0F760514}.Debug|Any CPU.Build.0 = Debug|Any CPU
		{4D21D64A-E7BB-4446-97B2-53BD0F760514}.Release|Any CPU.ActiveCfg = Release|Any CPU
		{4D21D64A-E7BB-4446-97B2-53BD0F760514}.Release|Any CPU.Build.0 = Release|Any CPU
		{C721EB26-4A55-46CB-8477-B24366DB4776}.Debug|Any CPU.ActiveCfg = Debug|Any CPU
		{C721EB26-4A55-46CB-8477-B24366DB4776}.Debug|Any CPU.Build.0 = Debug|Any CPU
		{C721EB26-4A55-46CB-8477-B24366DB4776}.Release|Any CPU.ActiveCfg = Release|Any CPU
		{C721EB26-4A55-46CB-8477-B24366DB4776}.Release|Any CPU.Build.0 = Release|Any CPU
		{3A37282B-1B7C-477C-B20F-441B460ABC4A}.Debug|Any CPU.ActiveCfg = Debug|Any CPU
		{3A37282B-1B7C-477C-B20F-441B460ABC4A}.Debug|Any CPU.Build.0 = Debug|Any CPU
		{3A37282B-1B7C-477C-B20F-441B460ABC4A}.Release|Any CPU.ActiveCfg = Release|Any CPU
		{3A37282B-1B7C-477C-B20F-441B460ABC4A}.Release|Any CPU.Build.0 = Release|Any CPU
		{599E0CB3-B2A3-4B7D-AF23-9F0C54DFD9BC}.Debug|Any CPU.ActiveCfg = Debug|Any CPU
		{599E0CB3-B2A3-4B7D-AF23-9F0C54DFD9BC}.Debug|Any CPU.Build.0 = Debug|Any CPU
		{599E0CB3-B2A3-4B7D-AF23-9F0C54DFD9BC}.Release|Any CPU.ActiveCfg = Release|Any CPU
		{599E0CB3-B2A3-4B7D-AF23-9F0C54DFD9BC}.Release|Any CPU.Build.0 = Release|Any CPU
		{CBBD49E8-5B4F-4A2E-9A1C-ECD58CAF3F0E}.Debug|Any CPU.ActiveCfg = Debug|Any CPU
		{CBBD49E8-5B4F-4A2E-9A1C-ECD58CAF3F0E}.Debug|Any CPU.Build.0 = Debug|Any CPU
		{CBBD49E8-5B4F-4A2E-9A1C-ECD58CAF3F0E}.Release|Any CPU.ActiveCfg = Release|Any CPU
		{CBBD49E8-5B4F-4A2E-9A1C-ECD58CAF3F0E}.Release|Any CPU.Build.0 = Release|Any CPU
		{B6282D9A-B310-4B20-A339-B20EA72A1815}.Debug|Any CPU.ActiveCfg = Debug|Any CPU
		{B6282D9A-B310-4B20-A339-B20EA72A1815}.Debug|Any CPU.Build.0 = Debug|Any CPU
		{B6282D9A-B310-4B20-A339-B20EA72A1815}.Release|Any CPU.ActiveCfg = Release|Any CPU
		{B6282D9A-B310-4B20-A339-B20EA72A1815}.Release|Any CPU.Build.0 = Release|Any CPU
	EndGlobalSection
	GlobalSection(SolutionProperties) = preSolution
		HideSolutionNode = FALSE
	EndGlobalSection
	GlobalSection(NestedProjects) = preSolution
		{DEA5FD05-D798-4A1F-A8BF-6DB943FFC978} = {02EA681E-C7D8-13C7-8484-4AC65E1B71E8}
		{2F83A412-22B9-4BDF-80FE-A62B214CB697} = {02EA681E-C7D8-13C7-8484-4AC65E1B71E8}
		{3A7719A8-8D58-457A-8D83-E4A963F0E2E4} = {BF398E39-68FD-48FD-97C5-C987811AEDA9}
		{3A9A0C91-A1FD-427C-A5DF-81E58768E0E4} = {BF398E39-68FD-48FD-97C5-C987811AEDA9}
		{99B54B04-370A-4784-9DEA-A646D033C24B} = {DEA5FD05-D798-4A1F-A8BF-6DB943FFC978}
		{3DAB9556-EEB4-447D-B129-E67E27D052E1} = {2F83A412-22B9-4BDF-80FE-A62B214CB697}
		{D2C4084F-070B-4E36-BFDF-77B53B2D50C3} = {3A9A0C91-A1FD-427C-A5DF-81E58768E0E4}
		{4D21D64A-E7BB-4446-97B2-53BD0F760514} = {3A7719A8-8D58-457A-8D83-E4A963F0E2E4}
		{C721EB26-4A55-46CB-8477-B24366DB4776} = {99B54B04-370A-4784-9DEA-A646D033C24B}
		{3A37282B-1B7C-477C-B20F-441B460ABC4A} = {3DAB9556-EEB4-447D-B129-E67E27D052E1}
		{599E0CB3-B2A3-4B7D-AF23-9F0C54DFD9BC} = {21D615B9-937C-45C0-81C7-A62B27E6BE99}
		{CBBD49E8-5B4F-4A2E-9A1C-ECD58CAF3F0E} = {21D615B9-937C-45C0-81C7-A62B27E6BE99}
		{6B8F6B44-A264-40B3-BB6E-70199C5FBF32} = {1CB1179E-5550-44AC-B777-4B6AB0437FC2}
		{B6282D9A-B310-4B20-A339-B20EA72A1815} = {6B8F6B44-A264-40B3-BB6E-70199C5FBF32}
	EndGlobalSection
	GlobalSection(ExtensibilityGlobals) = postSolution
		SolutionGuid = {07B68C9A-A2EA-4461-9EA8-A5BFBEA92F2D}
	EndGlobalSection
EndGlobal
